
Microsoft Visual Studio Solution File, Format Version 12.00
# Visual Studio 15
VisualStudioVersion = 15.0.28307.271
MinimumVisualStudioVersion = 10.0.40219.1
Project("{FAE04EC0-301F-11D3-BF4B-00C04F79EFBC}") = "NumberGuesser", "NumberGuesser.csproj", "{170BAF90-D8E0-4417-83CE-F38B13992211}"
EndProject
Global
	GlobalSection(SolutionConfigurationPlatforms) = preSolution
		Debug|Any CPU = Debug|Any CPU
		Release|Any CPU = Release|Any CPU
	EndGlobalSection
	GlobalSection(ProjectConfigurationPlatforms) = postSolution
		{170BAF90-D8E0-4417-83CE-F38B13992211}.Debug|Any CPU.ActiveCfg = Debug|Any CPU
		{170BAF90-D8E0-4417-83CE-F38B13992211}.Debug|Any CPU.Build.0 = Debug|Any CPU
		{170BAF90-D8E0-4417-83CE-F38B13992211}.Release|Any CPU.ActiveCfg = Release|Any CPU
		{170BAF90-D8E0-4417-83CE-F38B13992211}.Release|Any CPU.Build.0 = Release|Any CPU
	EndGlobalSection
	GlobalSection(SolutionProperties) = preSolution
		HideSolutionNode = FALSE
	EndGlobalSection
	GlobalSection(ExtensibilityGlobals) = postSolution
		SolutionGuid = {B3F0CC5C-1192-4993-9909-FBF4BA9821C6}
	EndGlobalSection
EndGlobal
